
Microsoft Visual Studio Solution File, Format Version 12.00
# Visual Studio 15
VisualStudioVersion = 15.0.28010.2036
MinimumVisualStudioVersion = 10.0.40219.1
Project("{FAE04EC0-301F-11D3-BF4B-00C04F79EFBC}") = "BookStore", "BookStore\BookStore.csproj", "{CFF0C826-BB86-434E-B99E-1899BA62CAFC}"
EndProject
Global
	GlobalSection(SolutionConfigurationPlatforms) = preSolution
		Debug|Any CPU = Debug|Any CPU
		Release|Any CPU = Release|Any CPU
	EndGlobalSection
	GlobalSection(ProjectConfigurationPlatforms) = postSolution
		{CFF0C826-BB86-434E-B99E-1899BA62CAFC}.Debug|Any CPU.ActiveCfg = Debug|Any CPU
		{CFF0C826-BB86-434E-B99E-1899BA62CAFC}.Debug|Any CPU.Build.0 = Debug|Any CPU
		{CFF0C826-BB86-434E-B99E-1899BA62CAFC}.Release|Any CPU.ActiveCfg = Release|Any CPU
		{CFF0C826-BB86-434E-B99E-1899BA62CAFC}.Release|Any CPU.Build.0 = Release|Any CPU
	EndGlobalSection
	GlobalSection(SolutionProperties) = preSolution
		HideSolutionNode = FALSE
	EndGlobalSection
	GlobalSection(ExtensibilityGlobals) = postSolution
		SolutionGuid = {54F01BFB-B422-4BB3-910D-22A88D7212D1}
	EndGlobalSection
EndGlobal
